# THIS IS AN AUTOGENERATED FILE. DO NOT EDIT THIS FILE DIRECTLY.
# yarn lockfile v1


"@types/node@^14.0.22":
  version "14.14.36"
  resolved "https://registry.yarnpkg.com/@types/node/-/node-14.14.36.tgz#5637905dbb15c30a33a3c65b9ef7c20e3c85ebad"
  integrity sha512-kjivUwDJfIjngzbhooRnOLhGYz6oRFi+L+EpMjxroDYXwDw9lHrJJ43E+dJ6KAd3V3WxWAJ/qZE9XKYHhjPOFQ==

commander@^7.2.0:
  version "7.2.0"
  resolved "https://registry.yarnpkg.com/commander/-/commander-7.2.0.tgz#a36cb57d0b501ce108e4d20559a150a391d97ab7"
  integrity sha512-QrWXB+ZQSVPmIWIhtEO9H+gwHaMGYiF5ChvoJ+K9ZGHG/sVsa6yiesAD1GC/x46sET00Xlwo1u49RVVVzvcSkw==

word-counter-api@^1.3.1:
  version "1.3.1"
  resolved "https://registry.yarnpkg.com/word-counter-api/-/word-counter-api-1.3.1.tgz#4ad0d778597f8406b6a36b7bb4e5093fb196ac1c"
  integrity sha512-Yd87YmmxjJMHRgZMvDuOQM2eAhBMQveqvY08WMh2ewho+N3O7wG9RXfWquDlwyhh5NtO1W5oAB9Qhnr14goRyA==
  dependencies:
    "@types/node" "^14.0.22"
